
Microsoft Visual Studio Solution File, Format Version 12.00
# Visual Studio 15
VisualStudioVersion = 15.0.28010.2016
MinimumVisualStudioVersion = 10.0.40219.1
Project("{9A19103F-16F7-4668-BE54-9A1E7A4F7556}") = "IDQ_0__Personal_Secretary", "IDQ_0__Personal_Secretary\IDQ_0__Personal_Secretary.csproj", "{10A82589-8CA9-4F0C-B3A1-D0F8D160E587}"
EndProject
Global
	GlobalSection(SolutionConfigurationPlatforms) = preSolution
		Debug|Any CPU = Debug|Any CPU
		Release|Any CPU = Release|Any CPU
	EndGlobalSection
	GlobalSection(ProjectConfigurationPlatforms) = postSolution
		{10A82589-8CA9-4F0C-B3A1-D0F8D160E587}.Debug|Any CPU.ActiveCfg = Debug|Any CPU
		{10A82589-8CA9-4F0C-B3A1-D0F8D160E587}.Debug|Any CPU.Build.0 = Debug|Any CPU
		{10A82589-8CA9-4F0C-B3A1-D0F8D160E587}.Release|Any CPU.ActiveCfg = Release|Any CPU
		{10A82589-8CA9-4F0C-B3A1-D0F8D160E587}.Release|Any CPU.Build.0 = Release|Any CPU
	EndGlobalSection
	GlobalSection(SolutionProperties) = preSolution
		HideSolutionNode = FALSE
	EndGlobalSection
	GlobalSection(ExtensibilityGlobals) = postSolution
		SolutionGuid = {9478FAB7-98D6-403F-AB38-BD594DE79EC6}
	EndGlobalSection
EndGlobal
